// !$*UTF8*$!
{
	archiveVersion = 1;
	classes = {
	};
	objectVersion = 50;
	objects = {

/* Begin PBXBuildFile section */
		030CFEDA255D1D7300D10325 /* AppDelegate.swift in Sources */ = {isa = PBXBuildFile; fileRef = 030CFED9255D1D7300D10325 /* AppDelegate.swift */; };
		030CFEDC255D1D7300D10325 /* SceneDelegate.swift in Sources */ = {isa = PBXBuildFile; fileRef = 030CFEDB255D1D7300D10325 /* SceneDelegate.swift */; };
		030CFEDE255D1D7300D10325 /* MainViewController.swift in Sources */ = {isa = PBXBuildFile; fileRef = 030CFEDD255D1D7300D10325 /* MainViewController.swift */; };
		030CFEE1255D1D7300D10325 /* Main.storyboard in Resources */ = {isa = PBXBuildFile; fileRef = 030CFEDF255D1D7300D10325 /* Main.storyboard */; };
		030CFEE3255D1D7400D10325 /* Assets.xcassets in Resources */ = {isa = PBXBuildFile; fileRef = 030CFEE2255D1D7400D10325 /* Assets.xcassets */; };
		030CFEE6255D1D7400D10325 /* LaunchScreen.storyboard in Resources */ = {isa = PBXBuildFile; fileRef = 030CFEE4255D1D7400D10325 /* LaunchScreen.storyboard */; };
		030CFEF6255D3A2E00D10325 /* GradientView.swift in Sources */ = {isa = PBXBuildFile; fileRef = 030CFEF5255D3A2E00D10325 /* GradientView.swift */; };
		030CFEF8255D581600D10325 /* RoundedButton.swift in Sources */ = {isa = PBXBuildFile; fileRef = 030CFEF7255D581600D10325 /* RoundedButton.swift */; };
		030CFEFA255D58B200D10325 /* RoundedView.swift in Sources */ = {isa = PBXBuildFile; fileRef = 030CFEF9255D58B200D10325 /* RoundedView.swift */; };
		037C4653255F0BFE00E34F07 /* Animations.swift in Sources */ = {isa = PBXBuildFile; fileRef = 037C4651255F0BFE00E34F07 /* Animations.swift */; };
		037C4654255F0BFE00E34F07 /* Calculator.swift in Sources */ = {isa = PBXBuildFile; fileRef = 037C4652255F0BFE00E34F07 /* Calculator.swift */; };
		037C4656255F0C1400E34F07 /* Vibration.swift in Sources */ = {isa = PBXBuildFile; fileRef = 037C4655255F0C1400E34F07 /* Vibration.swift */; };
		037C4658255F0C4800E34F07 /* Extensions.swift in Sources */ = {isa = PBXBuildFile; fileRef = 037C4657255F0C4800E34F07 /* Extensions.swift */; };
/* End PBXBuildFile section */

/* Begin PBXFileReference section */
		030CFED6255D1D7300D10325 /* BMICalculator.app */ = {isa = PBXFileReference; explicitFileType = wrapper.application; includeInIndex = 0; path = BMICalculator.app; sourceTree = BUILT_PRODUCTS_DIR; };
		030CFED9255D1D7300D10325 /* AppDelegate.swift */ = {isa = PBXFileReference; lastKnownFileType = sourcecode.swift; path = AppDelegate.swift; sourceTree = "<group>"; };
		030CFEDB255D1D7300D10325 /* SceneDelegate.swift */ = {isa = PBXFileReference; lastKnownFileType = sourcecode.swift; path = SceneDelegate.swift; sourceTree = "<group>"; };
		030CFEDD255D1D7300D10325 /* MainViewController.swift */ = {isa = PBXFileReference; lastKnownFileType = sourcecode.swift; path = MainViewController.swift; sourceTree = "<group>"; };
		030CFEE0255D1D7300D10325 /* Base */ = {isa = PBXFileReference; lastKnownFileType = file.storyboard; name = Base; path = Base.lproj/Main.storyboard; sourceTree = "<group>"; };
		030CFEE2255D1D7400D10325 /* Assets.xcassets */ = {isa = PBXFileReference; lastKnownFileType = folder.assetcatalog; path = Assets.xcassets; sourceTree = "<group>"; };
		030CFEE5255D1D7400D10325 /* Base */ = {isa = PBXFileReference; lastKnownFileType = file.storyboard; name = Base; path = Base.lproj/LaunchScreen.storyboard; sourceTree = "<group>"; };
		030CFEE7255D1D7400D10325 /* Info.plist */ = {isa = PBXFileReference; lastKnownFileType = text.plist.xml; path = Info.plist; sourceTree = "<group>"; };
		030CFEF5255D3A2E00D10325 /* GradientView.swift */ = {isa = PBXFileReference; fileEncoding = 4; lastKnownFileType = sourcecode.swift; path = GradientView.swift; sourceTree = "<group>"; };
		030CFEF7255D581600D10325 /* RoundedButton.swift */ = {isa = PBXFileReference; fileEncoding = 4; lastKnownFileType = sourcecode.swift; path = RoundedButton.swift; sourceTree = "<group>"; };
		030CFEF9255D58B200D10325 /* RoundedView.swift */ = {isa = PBXFileReference; lastKnownFileType = sourcecode.swift; path = RoundedView.swift; sourceTree = "<group>"; };
		037C4651255F0BFE00E34F07 /* Animations.swift */ = {isa = PBXFileReference; fileEncoding = 4; lastKnownFileType = sourcecode.swift; path = Animations.swift; sourceTree = "<group>"; };
		037C4652255F0BFE00E34F07 /* Calculator.swift */ = {isa = PBXFileReference; fileEncoding = 4; lastKnownFileType = sourcecode.swift; path = Calculator.swift; sourceTree = "<group>"; };
		037C4655255F0C1400E34F07 /* Vibration.swift */ = {isa = PBXFileReference; fileEncoding = 4; lastKnownFileType = sourcecode.swift; path = Vibration.swift; sourceTree = "<group>"; };
		037C4657255F0C4800E34F07 /* Extensions.swift */ = {isa = PBXFileReference; lastKnownFileType = sourcecode.swift; path = Extensions.swift; sourceTree = "<group>"; };
/* End PBXFileReference section */

/* Begin PBXFrameworksBuildPhase section */
		030CFED3255D1D7300D10325 /* Frameworks */ = {
			isa = PBXFrameworksBuildPhase;
			buildActionMask = 2147483647;
			files = (
			);
			runOnlyForDeploymentPostprocessing = 0;
		};
/* End PBXFrameworksBuildPhase section */

/* Begin PBXGroup section */
		030CFECD255D1D7300D10325 = {
			isa = PBXGroup;
			children = (
				030CFED8255D1D7300D10325 /* BMICalculator */,
				030CFED7255D1D7300D10325 /* Products */,
			);
			sourceTree = "<group>";
		};
		030CFED7255D1D7300D10325 /* Products */ = {
			isa = PBXGroup;
			children = (
				030CFED6255D1D7300D10325 /* BMICalculator.app */,
			);
			name = Products;
			sourceTree = "<group>";
		};
		030CFED8255D1D7300D10325 /* BMICalculator */ = {
			isa = PBXGroup;
			children = (
				030CFED9255D1D7300D10325 /* AppDelegate.swift */,
				030CFEDB255D1D7300D10325 /* SceneDelegate.swift */,
				030CFEEF255D227500D10325 /* Resourses */,
				030CFEEE255D226400D10325 /* Controllers */,
				030CFEF4255D39EA00D10325 /* Custom-Views */,
				037C4650255F0BD900E34F07 /* Helpers */,
			);
			path = BMICalculator;
			sourceTree = "<group>";
		};
		030CFEEE255D226400D10325 /* Controllers */ = {
			isa = PBXGroup;
			children = (
				030CFEDD255D1D7300D10325 /* MainViewController.swift */,
			);
			path = Controllers;
			sourceTree = "<group>";
		};
		030CFEEF255D227500D10325 /* Resourses */ = {
			isa = PBXGroup;
			children = (
				030CFEE2255D1D7400D10325 /* Assets.xcassets */,
				030CFEE4255D1D7400D10325 /* LaunchScreen.storyboard */,
				030CFEDF255D1D7300D10325 /* Main.storyboard */,
				030CFEE7255D1D7400D10325 /* Info.plist */,
			);
			name = Resourses;
			sourceTree = "<group>";
		};
		030CFEF4255D39EA00D10325 /* Custom-Views */ = {
			isa = PBXGroup;
			children = (
				030CFEF7255D581600D10325 /* RoundedButton.swift */,
				030CFEF5255D3A2E00D10325 /* GradientView.swift */,
				030CFEF9255D58B200D10325 /* RoundedView.swift */,
			);
			path = "Custom-Views";
			sourceTree = "<group>";
		};
		037C4650255F0BD900E34F07 /* Helpers */ = {
			isa = PBXGroup;
			children = (
				037C4655255F0C1400E34F07 /* Vibration.swift */,
				037C4651255F0BFE00E34F07 /* Animations.swift */,
				037C4652255F0BFE00E34F07 /* Calculator.swift */,
				037C4657255F0C4800E34F07 /* Extensions.swift */,
			);
			path = Helpers;
			sourceTree = "<group>";
		};
/* End PBXGroup section */

/* Begin PBXNativeTarget section */
		030CFED5255D1D7300D10325 /* BMICalculator */ = {
			isa = PBXNativeTarget;
			buildConfigurationList = 030CFEEA255D1D7400D10325 /* Build configuration list for PBXNativeTarget "BMICalculator" */;
			buildPhases = (
				030CFED2255D1D7300D10325 /* Sources */,
				030CFED3255D1D7300D10325 /* Frameworks */,
				030CFED4255D1D7300D10325 /* Resources */,
			);
			buildRules = (
			);
			dependencies = (
			);
			name = BMICalculator;
			productName = BMICalculator;
			productReference = 030CFED6255D1D7300D10325 /* BMICalculator.app */;
			productType = "com.apple.product-type.application";
		};
/* End PBXNativeTarget section */

/* Begin PBXProject section */
		030CFECE255D1D7300D10325 /* Project object */ = {
			isa = PBXProject;
			attributes = {
				LastSwiftUpdateCheck = 1160;
				LastUpgradeCheck = 1160;
				ORGANIZATIONNAME = BehnamR;
				TargetAttributes = {
					030CFED5255D1D7300D10325 = {
						CreatedOnToolsVersion = 11.6;
					};
				};
			};
			buildConfigurationList = 030CFED1255D1D7300D10325 /* Build configuration list for PBXProject "BMICalculator" */;
			compatibilityVersion = "Xcode 9.3";
			developmentRegion = en;
			hasScannedForEncodings = 0;
			knownRegions = (
				en,
				Base,
			);
			mainGroup = 030CFECD255D1D7300D10325;
			productRefGroup = 030CFED7255D1D7300D10325 /* Products */;
			projectDirPath = "";
			projectRoot = "";
			targets = (
				030CFED5255D1D7300D10325 /* BMICalculator */,
			);
		};
/* End PBXProject section */

/* Begin PBXResourcesBuildPhase section */
		030CFED4255D1D7300D10325 /* Resources */ = {
			isa = PBXResourcesBuildPhase;
			buildActionMask = 2147483647;
			files = (
				030CFEE6255D1D7400D10325 /* LaunchScreen.storyboard in Resources */,
				030CFEE3255D1D7400D10325 /* Assets.xcassets in Resources */,
				030CFEE1255D1D7300D10325 /* Main.storyboard in Resources */,
			);
			runOnlyForDeploymentPostprocessing = 0;
		};
/* End PBXResourcesBuildPhase section */

/* Begin PBXSourcesBuildPhase section */
		030CFED2255D1D7300D10325 /* Sources */ = {
			isa = PBXSourcesBuildPhase;
			buildActionMask = 2147483647;
			files = (
				030CFEDE255D1D7300D10325 /* MainViewController.swift in Sources */,
				030CFEF8255D581600D10325 /* RoundedButton.swift in Sources */,
				030CFEFA255D58B200D10325 /* RoundedView.swift in Sources */,
				030CFEDA255D1D7300D10325 /* AppDelegate.swift in Sources */,
				030CFEF6255D3A2E00D10325 /* GradientView.swift in Sources */,
				037C4658255F0C4800E34F07 /* Extensions.swift in Sources */,
				037C4654255F0BFE00E34F07 /* Calculator.swift in Sources */,
				037C4656255F0C1400E34F07 /* Vibration.swift in Sources */,
				030CFEDC255D1D7300D10325 /* SceneDelegate.swift in Sources */,
				037C4653255F0BFE00E34F07 /* Animations.swift in Sources */,
			);
			runOnlyForDeploymentPostprocessing = 0;
		};
/* End PBXSourcesBuildPhase section */

/* Begin PBXVariantGroup section */
		030CFEDF255D1D7300D10325 /* Main.storyboard */ = {
			isa = PBXVariantGroup;
			children = (
				030CFEE0255D1D7300D10325 /* Base */,
			);
			name = Main.storyboard;
			sourceTree = "<group>";
		};
		030CFEE4255D1D7400D10325 /* LaunchScreen.storyboard */ = {
			isa = PBXVariantGroup;
			children = (
				030CFEE5255D1D7400D10325 /* Base */,
			);
			name = LaunchScreen.storyboard;
			sourceTree = "<group>";
		};
/* End PBXVariantGroup section */

/* Begin XCBuildConfiguration section */
		030CFEE8255D1D7400D10325 /* Debug */ = {
			isa = XCBuildConfiguration;
			buildSettings = {
				ALWAYS_SEARCH_USER_PATHS = NO;
				CLANG_ANALYZER_NONNULL = YES;
				CLANG_ANALYZER_NUMBER_OBJECT_CONVERSION = YES_AGGRESSIVE;
				CLANG_CXX_LANGUAGE_STANDARD = "gnu++14";
				CLANG_CXX_LIBRARY = "libc++";
				CLANG_ENABLE_MODULES = YES;
				CLANG_ENABLE_OBJC_ARC = YES;
				CLANG_ENABLE_OBJC_WEAK = YES;
				CLANG_WARN_BLOCK_CAPTURE_AUTORELEASING = YES;
				CLANG_WARN_BOOL_CONVERSION = YES;
				CLANG_WARN_COMMA = YES;
				CLANG_WARN_CONSTANT_CONVERSION = YES;
				CLANG_WARN_DEPRECATED_OBJC_IMPLEMENTATIONS = YES;
				CLANG_WARN_DIRECT_OBJC_ISA_USAGE = YES_ERROR;
				CLANG_WARN_DOCUMENTATION_COMMENTS = YES;
				CLANG_WARN_EMPTY_BODY = YES;
				CLANG_WARN_ENUM_CONVERSION = YES;
				CLANG_WARN_INFINITE_RECURSION = YES;
				CLANG_WARN_INT_CONVERSION = YES;
				CLANG_WARN_NON_LITERAL_NULL_CONVERSION = YES;
				CLANG_WARN_OBJC_IMPLICIT_RETAIN_SELF = YES;
				CLANG_WARN_OBJC_LITERAL_CONVERSION = YES;
				CLANG_WARN_OBJC_ROOT_CLASS = YES_ERROR;
				CLANG_WARN_RANGE_LOOP_ANALYSIS = YES;
				CLANG_WARN_STRICT_PROTOTYPES = YES;
				CLANG_WARN_SUSPICIOUS_MOVE = YES;
				CLANG_WARN_UNGUARDED_AVAILABILITY = YES_AGGRESSIVE;
				CLANG_WARN_UNREACHABLE_CODE = YES;
				CLANG_WARN__DUPLICATE_METHOD_MATCH = YES;
				COPY_PHASE_STRIP = NO;
				DEBUG_INFORMATION_FORMAT = dwarf;
				ENABLE_STRICT_OBJC_MSGSEND = YES;
				ENABLE_TESTABILITY = YES;
				GCC_C_LANGUAGE_STANDARD = gnu11;
				GCC_DYNAMIC_NO_PIC = NO;
				GCC_NO_COMMON_BLOCKS = YES;
				GCC_OPTIMIZATION_LEVEL = 0;
				GCC_PREPROCESSOR_DEFINITIONS = (
					"DEBUG=1",
					"$(inherited)",
				);
				GCC_WARN_64_TO_32_BIT_CONVERSION = YES;
				GCC_WARN_ABOUT_RETURN_TYPE = YES_ERROR;
				GCC_WARN_UNDECLARED_SELECTOR = YES;
				GCC_WARN_UNINITIALIZED_AUTOS = YES_AGGRESSIVE;
				GCC_WARN_UNUSED_FUNCTION = YES;
				GCC_WARN_UNUSED_VARIABLE = YES;
				IPHONEOS_DEPLOYMENT_TARGET = 13.6;
				MTL_ENABLE_DEBUG_INFO = INCLUDE_SOURCE;
				MTL_FAST_MATH = YES;
				ONLY_ACTIVE_ARCH = YES;
				SDKROOT = iphoneos;
				SWIFT_ACTIVE_COMPILATION_CONDITIONS = DEBUG;
				SWIFT_OPTIMIZATION_LEVEL = "-Onone";
			};
			name = Debug;
		};
		030CFEE9255D1D7400D10325 /* Release */ = {
			isa = XCBuildConfiguration;
			buildSettings = {
				ALWAYS_SEARCH_USER_PATHS = NO;
				CLANG_ANALYZER_NONNULL = YES;
				CLANG_ANALYZER_NUMBER_OBJECT_CONVERSION = YES_AGGRESSIVE;
				CLANG_CXX_LANGUAGE_STANDARD = "gnu++14";
				CLANG_CXX_LIBRARY = "libc++";
				CLANG_ENABLE_MODULES = YES;
				CLANG_ENABLE_OBJC_ARC = YES;
				CLANG_ENABLE_OBJC_WEAK = YES;
				CLANG_WARN_BLOCK_CAPTURE_AUTORELEASING = YES;
				CLANG_WARN_BOOL_CONVERSION = YES;
				CLANG_WARN_COMMA = YES;
				CLANG_WARN_CONSTANT_CONVERSION = YES;
				CLANG_WARN_DEPRECATED_OBJC_IMPLEMENTATIONS = YES;
				CLANG_WARN_DIRECT_OBJC_ISA_USAGE = YES_ERROR;
				CLANG_WARN_DOCUMENTATION_COMMENTS = YES;
				CLANG_WARN_EMPTY_BODY = YES;
				CLANG_WARN_ENUM_CONVERSION = YES;
				CLANG_WARN_INFINITE_RECURSION = YES;
				CLANG_WARN_INT_CONVERSION = YES;
				CLANG_WARN_NON_LITERAL_NULL_CONVERSION = YES;
				CLANG_WARN_OBJC_IMPLICIT_RETAIN_SELF = YES;
				CLANG_WARN_OBJC_LITERAL_CONVERSION = YES;
				CLANG_WARN_OBJC_ROOT_CLASS = YES_ERROR;
				CLANG_WARN_RANGE_LOOP_ANALYSIS = YES;
				CLANG_WARN_STRICT_PROTOTYPES = YES;
				CLANG_WARN_SUSPICIOUS_MOVE = YES;
				CLANG_WARN_UNGUARDED_AVAILABILITY = YES_AGGRESSIVE;
				CLANG_WARN_UNREACHABLE_CODE = YES;
				CLANG_WARN__DUPLICATE_METHOD_MATCH = YES;
				COPY_PHASE_STRIP = NO;
				DEBUG_INFORMATION_FORMAT = "dwarf-with-dsym";
				ENABLE_NS_ASSERTIONS = NO;
				ENABLE_STRICT_OBJC_MSGSEND = YES;
				GCC_C_LANGUAGE_STANDARD = gnu11;
				GCC_NO_COMMON_BLOCKS = YES;
				GCC_WARN_64_TO_32_BIT_CONVERSION = YES;
				GCC_WARN_ABOUT_RETURN_TYPE = YES_ERROR;
				GCC_WARN_UNDECLARED_SELECTOR = YES;
				GCC_WARN_UNINITIALIZED_AUTOS = YES_AGGRESSIVE;
				GCC_WARN_UNUSED_FUNCTION = YES;
				GCC_WARN_UNUSED_VARIABLE = YES;
				IPHONEOS_DEPLOYMENT_TARGET = 13.6;
				MTL_ENABLE_DEBUG_INFO = NO;
				MTL_FAST_MATH = YES;
				SDKROOT = iphoneos;
				SWIFT_COMPILATION_MODE = wholemodule;
				SWIFT_OPTIMIZATION_LEVEL = "-O";
				VALIDATE_PRODUCT = YES;
			};
			name = Release;
		};
		030CFEEB255D1D7400D10325 /* Debug */ = {
			isa = XCBuildConfiguration;
			buildSettings = {
				ASSETCATALOG_COMPILER_APPICON_NAME = AppIcon;
				CODE_SIGN_STYLE = Automatic;
				DEVELOPMENT_TEAM = 97G5NX7H6Y;
				INFOPLIST_FILE = BMICalculator/Info.plist;
				IPHONEOS_DEPLOYMENT_TARGET = 13.0;
				LD_RUNPATH_SEARCH_PATHS = (
					"$(inherited)",
					"@executable_path/Frameworks",
				);
				PRODUCT_BUNDLE_IDENTIFIER = com.behnamr.BMICalculator;
				PRODUCT_NAME = "$(TARGET_NAME)";
				SWIFT_VERSION = 5.0;
				TARGETED_DEVICE_FAMILY = 1;
			};
			name = Debug;
		};
		030CFEEC255D1D7400D10325 /* Release */ = {
			isa = XCBuildConfiguration;
			buildSettings = {
				ASSETCATALOG_COMPILER_APPICON_NAME = AppIcon;
				CODE_SIGN_STYLE = Automatic;
				DEVELOPMENT_TEAM = 97G5NX7H6Y;
				INFOPLIST_FILE = BMICalculator/Info.plist;
				IPHONEOS_DEPLOYMENT_TARGET = 13.0;
				LD_RUNPATH_SEARCH_PATHS = (
					"$(inherited)",
					"@executable_path/Frameworks",
				);
				PRODUCT_BUNDLE_IDENTIFIER = com.behnamr.BMICalculator;
				PRODUCT_NAME = "$(TARGET_NAME)";
				SWIFT_VERSION = 5.0;
				TARGETED_DEVICE_FAMILY = 1;
			};
			name = Release;
		};
/* End XCBuildConfiguration section */

/* Begin XCConfigurationList section */
		030CFED1255D1D7300D10325 /* Build configuration list for PBXProject "BMICalculator" */ = {
			isa = XCConfigurationList;
			buildConfigurations = (
				030CFEE8255D1D7400D10325 /* Debug */,
				030CFEE9255D1D7400D10325 /* Release */,
			);
			defaultConfigurationIsVisible = 0;
			defaultConfigurationName = Release;
		};
		030CFEEA255D1D7400D10325 /* Build configuration list for PBXNativeTarget "BMICalculator" */ = {
			isa = XCConfigurationList;
			buildConfigurations = (
				030CFEEB255D1D7400D10325 /* Debug */,
				030CFEEC255D1D7400D10325 /* Release */,
			);
			defaultConfigurationIsVisible = 0;
			defaultConfigurationName = Release;
		};
/* End XCConfigurationList section */
	};
	rootObject = 030CFECE255D1D7300D10325 /* Project object */;
}
